
Microsoft Visual Studio Solution File, Format Version 12.00
# Visual Studio Version 17
VisualStudioVersion = 17.10.35122.118
MinimumVisualStudioVersion = 10.0.40219.1
Project("{FAE04EC0-301F-11D3-BF4B-00C04F79EFBC}") = "prueba_Adrian", "prueba_Adrian\prueba_Adrian.csproj", "{2F16D9DE-5D95-4042-8070-477AB4CECBF8}"
EndProject
Global
	GlobalSection(SolutionConfigurationPlatforms) = preSolution
		Debug|Any CPU = Debug|Any CPU
		Release|Any CPU = Release|Any CPU
	EndGlobalSection
	GlobalSection(ProjectConfigurationPlatforms) = postSolution
		{2F16D9DE-5D95-4042-8070-477AB4CECBF8}.Debug|Any CPU.ActiveCfg = Debug|Any CPU
		{2F16D9DE-5D95-4042-8070-477AB4CECBF8}.Debug|Any CPU.Build.0 = Debug|Any CPU
		{2F16D9DE-5D95-4042-8070-477AB4CECBF8}.Release|Any CPU.ActiveCfg = Release|Any CPU
		{2F16D9DE-5D95-4042-8070-477AB4CECBF8}.Release|Any CPU.Build.0 = Release|Any CPU
	EndGlobalSection
	GlobalSection(SolutionProperties) = preSolution
		HideSolutionNode = FALSE
	EndGlobalSection
	GlobalSection(ExtensibilityGlobals) = postSolution
		SolutionGuid = {D1346D9F-5015-40CC-AE0D-72A4D6361823}
	EndGlobalSection
EndGlobal
